
Microsoft Visual Studio Solution File, Format Version 12.00
# Visual Studio Version 16
VisualStudioVersion = 16.0.30517.126
MinimumVisualStudioVersion = 10.0.40219.1
Project("{FAE04EC0-301F-11D3-BF4B-00C04F79EFBC}") = "JDGrooming", "JDGrooming.csproj", "{F67323BD-FB5D-4DDC-8CC0-7E71C73BF0D9}"
EndProject
Project("{FAE04EC0-301F-11D3-BF4B-00C04F79EFBC}") = "JDTesting", "JDTesting\JDTesting\JDTesting.csproj", "{A8B59679-F0C9-432B-8827-B0E136E98025}"
EndProject
Global
	GlobalSection(SolutionConfigurationPlatforms) = preSolution
		Debug|Any CPU = Debug|Any CPU
		Release|Any CPU = Release|Any CPU
	EndGlobalSection
	GlobalSection(ProjectConfigurationPlatforms) = postSolution
		{F67323BD-FB5D-4DDC-8CC0-7E71C73BF0D9}.Debug|Any CPU.ActiveCfg = Debug|Any CPU
		{F67323BD-FB5D-4DDC-8CC0-7E71C73BF0D9}.Debug|Any CPU.Build.0 = Debug|Any CPU
		{F67323BD-FB5D-4DDC-8CC0-7E71C73BF0D9}.Release|Any CPU.ActiveCfg = Release|Any CPU
		{F67323BD-FB5D-4DDC-8CC0-7E71C73BF0D9}.Release|Any CPU.Build.0 = Release|Any CPU
		{A8B59679-F0C9-432B-8827-B0E136E98025}.Debug|Any CPU.ActiveCfg = Debug|Any CPU
		{A8B59679-F0C9-432B-8827-B0E136E98025}.Debug|Any CPU.Build.0 = Debug|Any CPU
		{A8B59679-F0C9-432B-8827-B0E136E98025}.Release|Any CPU.ActiveCfg = Release|Any CPU
		{A8B59679-F0C9-432B-8827-B0E136E98025}.Release|Any CPU.Build.0 = Release|Any CPU
	EndGlobalSection
	GlobalSection(SolutionProperties) = preSolution
		HideSolutionNode = FALSE
	EndGlobalSection
	GlobalSection(ExtensibilityGlobals) = postSolution
		SolutionGuid = {C464E8A7-F378-4569-8712-B6CAB173BEC7}
	EndGlobalSection
EndGlobal
